
Microsoft Visual Studio Solution File, Format Version 12.00
# Visual Studio Version 17
VisualStudioVersion = 17.11.35327.3
MinimumVisualStudioVersion = 10.0.40219.1
Project("{FAE04EC0-301F-11D3-BF4B-00C04F79EFBC}") = "CustomerAPI", "CustomerAPI\CustomerAPI.csproj", "{E5E110EE-74BC-4E85-8D17-DC51634D989C}"
EndProject
Project("{FAE04EC0-301F-11D3-BF4B-00C04F79EFBC}") = "CreditAPI", "CreditAPI\CreditAPI.csproj", "{ADE7F910-52C6-4941-8929-BA815D08E101}"
EndProject
Project("{FAE04EC0-301F-11D3-BF4B-00C04F79EFBC}") = "LoanAPI", "LoanAPI\LoanAPI.csproj", "{05ABACFA-DA6C-4A58-95BA-9B14D6CB1095}"
EndProject
Project("{FAE04EC0-301F-11D3-BF4B-00C04F79EFBC}") = "SagaStateMachine", "SagaStateMachine\SagaStateMachine.csproj", "{2B529EB1-88B5-40EA-88FA-AC9212658349}"
EndProject
Project("{FAE04EC0-301F-11D3-BF4B-00C04F79EFBC}") = "Messaging", "Messaging\Messaging.csproj", "{0070A757-1413-4E47-B2A6-F3360F79DCC7}"
EndProject
Global
	GlobalSection(SolutionConfigurationPlatforms) = preSolution
		Debug|Any CPU = Debug|Any CPU
		Release|Any CPU = Release|Any CPU
	EndGlobalSection
	GlobalSection(ProjectConfigurationPlatforms) = postSolution
		{E5E110EE-74BC-4E85-8D17-DC51634D989C}.Debug|Any CPU.ActiveCfg = Debug|Any CPU
		{E5E110EE-74BC-4E85-8D17-DC51634D989C}.Debug|Any CPU.Build.0 = Debug|Any CPU
		{E5E110EE-74BC-4E85-8D17-DC51634D989C}.Release|Any CPU.ActiveCfg = Release|Any CPU
		{E5E110EE-74BC-4E85-8D17-DC51634D989C}.Release|Any CPU.Build.0 = Release|Any CPU
		{ADE7F910-52C6-4941-8929-BA815D08E101}.Debug|Any CPU.ActiveCfg = Debug|Any CPU
		{ADE7F910-52C6-4941-8929-BA815D08E101}.Debug|Any CPU.Build.0 = Debug|Any CPU
		{ADE7F910-52C6-4941-8929-BA815D08E101}.Release|Any CPU.ActiveCfg = Release|Any CPU
		{ADE7F910-52C6-4941-8929-BA815D08E101}.Release|Any CPU.Build.0 = Release|Any CPU
		{05ABACFA-DA6C-4A58-95BA-9B14D6CB1095}.Debug|Any CPU.ActiveCfg = Debug|Any CPU
		{05ABACFA-DA6C-4A58-95BA-9B14D6CB1095}.Debug|Any CPU.Build.0 = Debug|Any CPU
		{05ABACFA-DA6C-4A58-95BA-9B14D6CB1095}.Release|Any CPU.ActiveCfg = Release|Any CPU
		{05ABACFA-DA6C-4A58-95BA-9B14D6CB1095}.Release|Any CPU.Build.0 = Release|Any CPU
		{2B529EB1-88B5-40EA-88FA-AC9212658349}.Debug|Any CPU.ActiveCfg = Debug|Any CPU
		{2B529EB1-88B5-40EA-88FA-AC9212658349}.Debug|Any CPU.Build.0 = Debug|Any CPU
		{2B529EB1-88B5-40EA-88FA-AC9212658349}.Release|Any CPU.ActiveCfg = Release|Any CPU
		{2B529EB1-88B5-40EA-88FA-AC9212658349}.Release|Any CPU.Build.0 = Release|Any CPU
		{0070A757-1413-4E47-B2A6-F3360F79DCC7}.Debug|Any CPU.ActiveCfg = Debug|Any CPU
		{0070A757-1413-4E47-B2A6-F3360F79DCC7}.Debug|Any CPU.Build.0 = Debug|Any CPU
		{0070A757-1413-4E47-B2A6-F3360F79DCC7}.Release|Any CPU.ActiveCfg = Release|Any CPU
		{0070A757-1413-4E47-B2A6-F3360F79DCC7}.Release|Any CPU.Build.0 = Release|Any CPU
	EndGlobalSection
	GlobalSection(SolutionProperties) = preSolution
		HideSolutionNode = FALSE
	EndGlobalSection
	GlobalSection(ExtensibilityGlobals) = postSolution
		SolutionGuid = {8878B0FF-7015-401C-90AB-669AE187DC29}
	EndGlobalSection
EndGlobal
